github.com/dal-go/dalgo v0.2.2 h1:xgmUJ5hSXnjo0Zx9UOXUjvNoimmM0kLMUqYnK5Cl2b0=
github.com/dal-go/dalgo v0.2.2/go.mod h1:Ov7wCe2kOqIb+IKu3RKM+a3tGpg4foblLdkuyadoEwE=
github.com/dal-go/dalgo v0.2.3 h1:n5B7kPf6YZn0gu1SP79USFMDB0BmuxhWLgI690lO7Ks=
github.com/dal-go/dalgo v0.2.3/go.mod h1:Fv3s/hxtByMVY7PSOi6SJ/5B981kNCuKGBa5O0xHCnM=
github.com/dal-go/dalgo v0.2.5 h1:eeGvDez2Va+gUC5odEwVyI1tME+BPYwC/pR/Nsyow0I=
github.com/dal-go/dalgo v0.2.5/go.mod h1:b0U+y2xjE5xY+HJ+vAt1DDcJe32N98tbRWDp5tPTwIc=
github.com/davecgh/go-spew v1.1.0 h1:ZDRjVQ15GmhC3fiQ8ni8+OwkZQO4DARzQgrnXU1Liz8=
github.com/pmezard/go-difflib v1.0.0 h1:4DBwDE0NGyQoBHbLQYPwSUPoCMWR5BEzIk/f1lZbAQM=
github.com/stretchr/testify v1.6.0 h1:jlIyCplCJFULU/01vCkhKuTyc3OorI3bJFuw6obfgho=
github.com/strongo/random v0.0.1 h1:OZHJBb/3uEa7OX8L2Dv2pLnSeewRmXMyTACoeto6O8I=
github.com/strongo/random v0.0.1/go.mod h1:/pSI+SjBNLBkjljNtVdYr6ERddA+LqSa87o0/s+9iuU=
github.com/strongo/validation v0.0.1 h1:kBMqVLa73nT6FaWrMX5aPKbM4hcNqe6A519MoRXhLUY=
github.com/strongo/validation v0.0.1/go.mod h1:euQ9ywYwBASSnCLSYOx8JW0u4/71yfbeZhBQJv93dZg=
gopkg.in/yaml.v3 v3.0.0-20200313102051-9f266ea9e77c h1:dUUwHk2QECo/6vqA44rthZ8ie2QXMNeKRTHCNY2nXvo=
