github.com/dal-go/dalgo v0.26.0 h1:gFZEOB331iM+nQjXiBRChbe0L/FemIMVQOOk6Q6z4ik=
github.com/dal-go/dalgo v0.26.0/go.mod h1:JXjaUXi0nD1Q+HV/HVtWuxuDCIyKUQa/MmBih9k8aKU=
github.com/dal-go/dalgo v0.26.1 h1:aUszX94D4fR4pxaEpzfu6c3G98l5P1iBL3Lsod2Zjyg=
github.com/dal-go/dalgo v0.26.1/go.mod h1:JXjaUXi0nD1Q+HV/HVtWuxuDCIyKUQa/MmBih9k8aKU=
github.com/dal-go/dalgo v0.26.3 h1:xkBD2fe/soF73ccVdu74g4VEk+f3i/GuaucnVOE91P8=
github.com/dal-go/dalgo v0.26.3/go.mod h1:JXjaUXi0nD1Q+HV/HVtWuxuDCIyKUQa/MmBih9k8aKU=
github.com/dal-go/mocks4dalgo v0.3.5 h1:tiD51G+80en+dVUmdGdcjL8Qma0WvE87fsiGwoGONgM=
github.com/dal-go/mocks4dalgo v0.3.5/go.mod h1:tR5RSfZNfPeT/W9HAvzqIRDOR5/aWmNpYi/up4B8UYE=
github.com/dal-go/mocks4dalgo v0.3.6 h1:eTuK0Ug9NoWfMQWP/0yJT7Fyjwy2rLlbEd8sOAyx04I=
github.com/dal-go/mocks4dalgo v0.3.6/go.mod h1:ZSfIqX3MwSyO7JEGQGPpopzMBpBIoN8Qah7VpT28vBI=
github.com/davecgh/go-spew v1.1.1 h1:vj9j/u1bqnvCEfJOwUhtlOARqs3+rkHYY13jYWTU97c=
github.com/davecgh/go-spew v1.1.1/go.mod h1:J7Y8YcW2NihsgmVo/mv3lAwl/skON4iLHjSsI+c5H38=
github.com/pmezard/go-difflib v1.0.0 h1:4DBwDE0NGyQoBHbLQYPwSUPoCMWR5BEzIk/f1lZbAQM=
github.com/pmezard/go-difflib v1.0.0/go.mod h1:iKH77koFhYxTK1pcRnkKkqfTogsbg7gZNVY4sRDYZ/4=
github.com/stretchr/testify v1.10.0 h1:Xv5erBjTwe/5IxqUQTdXv5kgmIvbHo3QQyRwhJsOfJA=
github.com/stretchr/testify v1.10.0/go.mod h1:r2ic/lqez/lEtzL7wO/rwa5dbSLXVDPFyf8C91i36aY=
github.com/strongo/random v0.0.1 h1:OZHJBb/3uEa7OX8L2Dv2pLnSeewRmXMyTACoeto6O8I=
github.com/strongo/random v0.0.1/go.mod h1:/pSI+SjBNLBkjljNtVdYr6ERddA+LqSa87o0/s+9iuU=
github.com/strongo/validation v0.0.7 h1:gs6YkwPsYtVsepQaQOB+ZF+T0Gu5+nk4ZMND8F85e+U=
github.com/strongo/validation v0.0.7/go.mod h1:YUwoPEItLJd/Bc9X1OCUm03ofhvm3kwZvuihU7/jz58=
go.uber.org/mock v0.5.2 h1:LbtPTcP8A5k9WPXj54PPPbjcI4Y6lhyOZXn+VS7wNko=
go.uber.org/mock v0.5.2/go.mod h1:wLlUxC2vVTPTaE3UD51E0BGOAElKrILxhVSDYQLld5o=
gopkg.in/check.v1 v0.0.0-20161208181325-20d25e280405 h1:yhCVgyC4o1eVCa2tZl7eS0r+SDo693bJlVdllGtEeKM=
gopkg.in/check.v1 v0.0.0-20161208181325-20d25e280405/go.mod h1:Co6ibVJAznAaIkqp8huTwlJQCZ016jof/cbN4VW5Yz0=
gopkg.in/yaml.v3 v3.0.1 h1:fxVm/GzAzEWqLHuvctI91KS9hhNmmWOoWu0XTYJS7CA=
gopkg.in/yaml.v3 v3.0.1/go.mod h1:K4uyk7z7BCEPqu6E+C64Yfv1cQ7kz7rIZviUmN+EgEM=
